// !$*UTF8*$!
{
	archiveVersion = 1;
	classes = {
	};
	objectVersion = 46;
	objects = {

/* Begin PBXBuildFile section */
		304F07991B9BD888009F23E8 /* AppDelegate.swift in Sources */ = {isa = PBXBuildFile; fileRef = 304F07981B9BD888009F23E8 /* AppDelegate.swift */; };
		304F079B1B9BD888009F23E8 /* ViewController.swift in Sources */ = {isa = PBXBuildFile; fileRef = 304F079A1B9BD888009F23E8 /* ViewController.swift */; };
		304F079E1B9BD888009F23E8 /* Main.storyboard in Resources */ = {isa = PBXBuildFile; fileRef = 304F079C1B9BD888009F23E8 /* Main.storyboard */; };
		304F07A01B9BD888009F23E8 /* Images.xcassets in Resources */ = {isa = PBXBuildFile; fileRef = 304F079F1B9BD888009F23E8 /* Images.xcassets */; };
		304F07A31B9BD888009F23E8 /* LaunchScreen.xib in Resources */ = {isa = PBXBuildFile; fileRef = 304F07A11B9BD888009F23E8 /* LaunchScreen.xib */; };
		304F07AF1B9BD888009F23E8 /* WakeyInsomniaTests.swift in Sources */ = {isa = PBXBuildFile; fileRef = 304F07AE1B9BD888009F23E8 /* WakeyInsomniaTests.swift */; };
/* End PBXBuildFile section */

/* Begin PBXContainerItemProxy section */
		304F07A91B9BD888009F23E8 /* PBXContainerItemProxy */ = {
			isa = PBXContainerItemProxy;
			containerPortal = 304F078B1B9BD888009F23E8 /* Project object */;
			proxyType = 1;
			remoteGlobalIDString = 304F07921B9BD888009F23E8;
			remoteInfo = WakeyInsomnia;
		};
/* End PBXContainerItemProxy section */

/* Begin PBXFileReference section */
		304F07931B9BD888009F23E8 /* WakeyInsomnia.app */ = {isa = PBXFileReference; explicitFileType = wrapper.application; includeInIndex = 0; path = WakeyInsomnia.app; sourceTree = BUILT_PRODUCTS_DIR; };
		304F07971B9BD888009F23E8 /* Info.plist */ = {isa = PBXFileReference; lastKnownFileType = text.plist.xml; path = Info.plist; sourceTree = "<group>"; };
		304F07981B9BD888009F23E8 /* AppDelegate.swift */ = {isa = PBXFileReference; lastKnownFileType = sourcecode.swift; path = AppDelegate.swift; sourceTree = "<group>"; };
		304F079A1B9BD888009F23E8 /* ViewController.swift */ = {isa = PBXFileReference; lastKnownFileType = sourcecode.swift; path = ViewController.swift; sourceTree = "<group>"; };
		304F079D1B9BD888009F23E8 /* Base */ = {isa = PBXFileReference; lastKnownFileType = file.storyboard; name = Base; path = Base.lproj/Main.storyboard; sourceTree = "<group>"; };
		304F079F1B9BD888009F23E8 /* Images.xcassets */ = {isa = PBXFileReference; lastKnownFileType = folder.assetcatalog; path = Images.xcassets; sourceTree = "<group>"; };
		304F07A21B9BD888009F23E8 /* Base */ = {isa = PBXFileReference; lastKnownFileType = file.xib; name = Base; path = Base.lproj/LaunchScreen.xib; sourceTree = "<group>"; };
		304F07A81B9BD888009F23E8 /* WakeyInsomniaTests.xctest */ = {isa = PBXFileReference; explicitFileType = wrapper.cfbundle; includeInIndex = 0; path = WakeyInsomniaTests.xctest; sourceTree = BUILT_PRODUCTS_DIR; };
		304F07AD1B9BD888009F23E8 /* Info.plist */ = {isa = PBXFileReference; lastKnownFileType = text.plist.xml; path = Info.plist; sourceTree = "<group>"; };
		304F07AE1B9BD888009F23E8 /* WakeyInsomniaTests.swift */ = {isa = PBXFileReference; lastKnownFileType = sourcecode.swift; path = WakeyInsomniaTests.swift; sourceTree = "<group>"; };
/* End PBXFileReference section */

/* Begin PBXFrameworksBuildPhase section */
		304F07901B9BD888009F23E8 /* Frameworks */ = {
			isa = PBXFrameworksBuildPhase;
			buildActionMask = 2147483647;
			files = (
			);
			runOnlyForDeploymentPostprocessing = 0;
		};
		304F07A51B9BD888009F23E8 /* Frameworks */ = {
			isa = PBXFrameworksBuildPhase;
			buildActionMask = 2147483647;
			files = (
			);
			runOnlyForDeploymentPostprocessing = 0;
		};
/* End PBXFrameworksBuildPhase section */

/* Begin PBXGroup section */
		304F078A1B9BD888009F23E8 = {
			isa = PBXGroup;
			children = (
				304F07951B9BD888009F23E8 /* WakeyInsomnia */,
				304F07AB1B9BD888009F23E8 /* WakeyInsomniaTests */,
				304F07941B9BD888009F23E8 /* Products */,
			);
			sourceTree = "<group>";
		};
		304F07941B9BD888009F23E8 /* Products */ = {
			isa = PBXGroup;
			children = (
				304F07931B9BD888009F23E8 /* WakeyInsomnia.app */,
				304F07A81B9BD888009F23E8 /* WakeyInsomniaTests.xctest */,
			);
			name = Products;
			sourceTree = "<group>";
		};
		304F07951B9BD888009F23E8 /* WakeyInsomnia */ = {
			isa = PBXGroup;
			children = (
				304F07981B9BD888009F23E8 /* AppDelegate.swift */,
				304F079A1B9BD888009F23E8 /* ViewController.swift */,
				304F079C1B9BD888009F23E8 /* Main.storyboard */,
				304F079F1B9BD888009F23E8 /* Images.xcassets */,
				304F07A11B9BD888009F23E8 /* LaunchScreen.xib */,
				304F07961B9BD888009F23E8 /* Supporting Files */,
			);
			path = WakeyInsomnia;
			sourceTree = "<group>";
		};
		304F07961B9BD888009F23E8 /* Supporting Files */ = {
			isa = PBXGroup;
			children = (
				304F07971B9BD888009F23E8 /* Info.plist */,
			);
			name = "Supporting Files";
			sourceTree = "<group>";
		};
		304F07AB1B9BD888009F23E8 /* WakeyInsomniaTests */ = {
			isa = PBXGroup;
			children = (
				304F07AE1B9BD888009F23E8 /* WakeyInsomniaTests.swift */,
				304F07AC1B9BD888009F23E8 /* Supporting Files */,
			);
			path = WakeyInsomniaTests;
			sourceTree = "<group>";
		};
		304F07AC1B9BD888009F23E8 /* Supporting Files */ = {
			isa = PBXGroup;
			children = (
				304F07AD1B9BD888009F23E8 /* Info.plist */,
			);
			name = "Supporting Files";
			sourceTree = "<group>";
		};
/* End PBXGroup section */

/* Begin PBXNativeTarget section */
		304F07921B9BD888009F23E8 /* WakeyInsomnia */ = {
			isa = PBXNativeTarget;
			buildConfigurationList = 304F07B21B9BD888009F23E8 /* Build configuration list for PBXNativeTarget "WakeyInsomnia" */;
			buildPhases = (
				304F078F1B9BD888009F23E8 /* Sources */,
				304F07901B9BD888009F23E8 /* Frameworks */,
				304F07911B9BD888009F23E8 /* Resources */,
			);
			buildRules = (
			);
			dependencies = (
			);
			name = WakeyInsomnia;
			productName = WakeyInsomnia;
			productReference = 304F07931B9BD888009F23E8 /* WakeyInsomnia.app */;
			productType = "com.apple.product-type.application";
		};
		304F07A71B9BD888009F23E8 /* WakeyInsomniaTests */ = {
			isa = PBXNativeTarget;
			buildConfigurationList = 304F07B51B9BD888009F23E8 /* Build configuration list for PBXNativeTarget "WakeyInsomniaTests" */;
			buildPhases = (
				304F07A41B9BD888009F23E8 /* Sources */,
				304F07A51B9BD888009F23E8 /* Frameworks */,
				304F07A61B9BD888009F23E8 /* Resources */,
			);
			buildRules = (
			);
			dependencies = (
				304F07AA1B9BD888009F23E8 /* PBXTargetDependency */,
			);
			name = WakeyInsomniaTests;
			productName = WakeyInsomniaTests;
			productReference = 304F07A81B9BD888009F23E8 /* WakeyInsomniaTests.xctest */;
			productType = "com.apple.product-type.bundle.unit-test";
		};
/* End PBXNativeTarget section */

/* Begin PBXProject section */
		304F078B1B9BD888009F23E8 /* Project object */ = {
			isa = PBXProject;
			attributes = {
				LastUpgradeCheck = 0640;
				ORGANIZATIONNAME = "Anand Tyagi";
				TargetAttributes = {
					304F07921B9BD888009F23E8 = {
						CreatedOnToolsVersion = 6.4;
					};
					304F07A71B9BD888009F23E8 = {
						CreatedOnToolsVersion = 6.4;
						TestTargetID = 304F07921B9BD888009F23E8;
					};
				};
			};
			buildConfigurationList = 304F078E1B9BD888009F23E8 /* Build configuration list for PBXProject "WakeyInsomnia" */;
			compatibilityVersion = "Xcode 3.2";
			developmentRegion = English;
			hasScannedForEncodings = 0;
			knownRegions = (
				en,
				Base,
			);
			mainGroup = 304F078A1B9BD888009F23E8;
			productRefGroup = 304F07941B9BD888009F23E8 /* Products */;
			projectDirPath = "";
			projectRoot = "";
			targets = (
				304F07921B9BD888009F23E8 /* WakeyInsomnia */,
				304F07A71B9BD888009F23E8 /* WakeyInsomniaTests */,
			);
		};
/* End PBXProject section */

/* Begin PBXResourcesBuildPhase section */
		304F07911B9BD888009F23E8 /* Resources */ = {
			isa = PBXResourcesBuildPhase;
			buildActionMask = 2147483647;
			files = (
				304F079E1B9BD888009F23E8 /* Main.storyboard in Resources */,
				304F07A31B9BD888009F23E8 /* LaunchScreen.xib in Resources */,
				304F07A01B9BD888009F23E8 /* Images.xcassets in Resources */,
			);
			runOnlyForDeploymentPostprocessing = 0;
		};
		304F07A61B9BD888009F23E8 /* Resources */ = {
			isa = PBXResourcesBuildPhase;
			buildActionMask = 2147483647;
			files = (
			);
			runOnlyForDeploymentPostprocessing = 0;
		};
/* End PBXResourcesBuildPhase section */

/* Begin PBXSourcesBuildPhase section */
		304F078F1B9BD888009F23E8 /* Sources */ = {
			isa = PBXSourcesBuildPhase;
			buildActionMask = 2147483647;
			files = (
				304F079B1B9BD888009F23E8 /* ViewController.swift in Sources */,
				304F07991B9BD888009F23E8 /* AppDelegate.swift in Sources */,
			);
			runOnlyForDeploymentPostprocessing = 0;
		};
		304F07A41B9BD888009F23E8 /* Sources */ = {
			isa = PBXSourcesBuildPhase;
			buildActionMask = 2147483647;
			files = (
				304F07AF1B9BD888009F23E8 /* WakeyInsomniaTests.swift in Sources */,
			);
			runOnlyForDeploymentPostprocessing = 0;
		};
/* End PBXSourcesBuildPhase section */

/* Begin PBXTargetDependency section */
		304F07AA1B9BD888009F23E8 /* PBXTargetDependency */ = {
			isa = PBXTargetDependency;
			target = 304F07921B9BD888009F23E8 /* WakeyInsomnia */;
			targetProxy = 304F07A91B9BD888009F23E8 /* PBXContainerItemProxy */;
		};
/* End PBXTargetDependency section */

/* Begin PBXVariantGroup section */
		304F079C1B9BD888009F23E8 /* Main.storyboard */ = {
			isa = PBXVariantGroup;
			children = (
				304F079D1B9BD888009F23E8 /* Base */,
			);
			name = Main.storyboard;
			sourceTree = "<group>";
		};
		304F07A11B9BD888009F23E8 /* LaunchScreen.xib */ = {
			isa = PBXVariantGroup;
			children = (
				304F07A21B9BD888009F23E8 /* Base */,
			);
			name = LaunchScreen.xib;
			sourceTree = "<group>";
		};
/* End PBXVariantGroup section */

/* Begin XCBuildConfiguration section */
		304F07B01B9BD888009F23E8 /* Debug */ = {
			isa = XCBuildConfiguration;
			buildSettings = {
				ALWAYS_SEARCH_USER_PATHS = NO;
				CLANG_CXX_LANGUAGE_STANDARD = "gnu++0x";
				CLANG_CXX_LIBRARY = "libc++";
				CLANG_ENABLE_MODULES = YES;
				CLANG_ENABLE_OBJC_ARC = YES;
				CLANG_WARN_BOOL_CONVERSION = YES;
				CLANG_WARN_CONSTANT_CONVERSION = YES;
				CLANG_WARN_DIRECT_OBJC_ISA_USAGE = YES_ERROR;
				CLANG_WARN_EMPTY_BODY = YES;
				CLANG_WARN_ENUM_CONVERSION = YES;
				CLANG_WARN_INT_CONVERSION = YES;
				CLANG_WARN_OBJC_ROOT_CLASS = YES_ERROR;
				CLANG_WARN_UNREACHABLE_CODE = YES;
				CLANG_WARN__DUPLICATE_METHOD_MATCH = YES;
				"CODE_SIGN_IDENTITY[sdk=iphoneos*]" = "iPhone Developer";
				COPY_PHASE_STRIP = NO;
				DEBUG_INFORMATION_FORMAT = "dwarf-with-dsym";
				ENABLE_STRICT_OBJC_MSGSEND = YES;
				GCC_C_LANGUAGE_STANDARD = gnu99;
				GCC_DYNAMIC_NO_PIC = NO;
				GCC_NO_COMMON_BLOCKS = YES;
				GCC_OPTIMIZATION_LEVEL = 0;
				GCC_PREPROCESSOR_DEFINITIONS = (
					"DEBUG=1",
					"$(inherited)",
				);
				GCC_SYMBOLS_PRIVATE_EXTERN = NO;
				GCC_WARN_64_TO_32_BIT_CONVERSION = YES;
				GCC_WARN_ABOUT_RETURN_TYPE = YES_ERROR;
				GCC_WARN_UNDECLARED_SELECTOR = YES;
				GCC_WARN_UNINITIALIZED_AUTOS = YES_AGGRESSIVE;
				GCC_WARN_UNUSED_FUNCTION = YES;
				GCC_WARN_UNUSED_VARIABLE = YES;
				IPHONEOS_DEPLOYMENT_TARGET = 8.4;
				MTL_ENABLE_DEBUG_INFO = YES;
				ONLY_ACTIVE_ARCH = YES;
				SDKROOT = iphoneos;
				SWIFT_OPTIMIZATION_LEVEL = "-Onone";
				TARGETED_DEVICE_FAMILY = "1,2";
			};
			name = Debug;
		};
		304F07B11B9BD888009F23E8 /* Release */ = {
			isa = XCBuildConfiguration;
			buildSettings = {
				ALWAYS_SEARCH_USER_PATHS = NO;
				CLANG_CXX_LANGUAGE_STANDARD = "gnu++0x";
				CLANG_CXX_LIBRARY = "libc++";
				CLANG_ENABLE_MODULES = YES;
				CLANG_ENABLE_OBJC_ARC = YES;
				CLANG_WARN_BOOL_CONVERSION = YES;
				CLANG_WARN_CONSTANT_CONVERSION = YES;
				CLANG_WARN_DIRECT_OBJC_ISA_USAGE = YES_ERROR;
				CLANG_WARN_EMPTY_BODY = YES;
				CLANG_WARN_ENUM_CONVERSION = YES;
				CLANG_WARN_INT_CONVERSION = YES;
				CLANG_WARN_OBJC_ROOT_CLASS = YES_ERROR;
				CLANG_WARN_UNREACHABLE_CODE = YES;
				CLANG_WARN__DUPLICATE_METHOD_MATCH = YES;
				"CODE_SIGN_IDENTITY[sdk=iphoneos*]" = "iPhone Developer";
				COPY_PHASE_STRIP = NO;
				DEBUG_INFORMATION_FORMAT = "dwarf-with-dsym";
				ENABLE_NS_ASSERTIONS = NO;
				ENABLE_STRICT_OBJC_MSGSEND = YES;
				GCC_C_LANGUAGE_STANDARD = gnu99;
				GCC_NO_COMMON_BLOCKS = YES;
				GCC_WARN_64_TO_32_BIT_CONVERSION = YES;
				GCC_WARN_ABOUT_RETURN_TYPE = YES_ERROR;
				GCC_WARN_UNDECLARED_SELECTOR = YES;
				GCC_WARN_UNINITIALIZED_AUTOS = YES_AGGRESSIVE;
				GCC_WARN_UNUSED_FUNCTION = YES;
				GCC_WARN_UNUSED_VARIABLE = YES;
				IPHONEOS_DEPLOYMENT_TARGET = 8.4;
				MTL_ENABLE_DEBUG_INFO = NO;
				SDKROOT = iphoneos;
				TARGETED_DEVICE_FAMILY = "1,2";
				VALIDATE_PRODUCT = YES;
			};
			name = Release;
		};
		304F07B31B9BD888009F23E8 /* Debug */ = {
			isa = XCBuildConfiguration;
			buildSettings = {
				ASSETCATALOG_COMPILER_APPICON_NAME = AppIcon;
				INFOPLIST_FILE = WakeyInsomnia/Info.plist;
				LD_RUNPATH_SEARCH_PATHS = "$(inherited) @executable_path/Frameworks";
				PRODUCT_NAME = "$(TARGET_NAME)";
			};
			name = Debug;
		};
		304F07B41B9BD888009F23E8 /* Release */ = {
			isa = XCBuildConfiguration;
			buildSettings = {
				ASSETCATALOG_COMPILER_APPICON_NAME = AppIcon;
				INFOPLIST_FILE = WakeyInsomnia/Info.plist;
				LD_RUNPATH_SEARCH_PATHS = "$(inherited) @executable_path/Frameworks";
				PRODUCT_NAME = "$(TARGET_NAME)";
			};
			name = Release;
		};
		304F07B61B9BD888009F23E8 /* Debug */ = {
			isa = XCBuildConfiguration;
			buildSettings = {
				BUNDLE_LOADER = "$(TEST_HOST)";
				FRAMEWORK_SEARCH_PATHS = (
					"$(SDKROOT)/Developer/Library/Frameworks",
					"$(inherited)",
				);
				GCC_PREPROCESSOR_DEFINITIONS = (
					"DEBUG=1",
					"$(inherited)",
				);
				INFOPLIST_FILE = WakeyInsomniaTests/Info.plist;
				LD_RUNPATH_SEARCH_PATHS = "$(inherited) @executable_path/Frameworks @loader_path/Frameworks";
				PRODUCT_NAME = "$(TARGET_NAME)";
				TEST_HOST = "$(BUILT_PRODUCTS_DIR)/WakeyInsomnia.app/WakeyInsomnia";
			};
			name = Debug;
		};
		304F07B71B9BD888009F23E8 /* Release */ = {
			isa = XCBuildConfiguration;
			buildSettings = {
				BUNDLE_LOADER = "$(TEST_HOST)";
				FRAMEWORK_SEARCH_PATHS = (
					"$(SDKROOT)/Developer/Library/Frameworks",
					"$(inherited)",
				);
				INFOPLIST_FILE = WakeyInsomniaTests/Info.plist;
				LD_RUNPATH_SEARCH_PATHS = "$(inherited) @executable_path/Frameworks @loader_path/Frameworks";
				PRODUCT_NAME = "$(TARGET_NAME)";
				TEST_HOST = "$(BUILT_PRODUCTS_DIR)/WakeyInsomnia.app/WakeyInsomnia";
			};
			name = Release;
		};
/* End XCBuildConfiguration section */

/* Begin XCConfigurationList section */
		304F078E1B9BD888009F23E8 /* Build configuration list for PBXProject "WakeyInsomnia" */ = {
			isa = XCConfigurationList;
			buildConfigurations = (
				304F07B01B9BD888009F23E8 /* Debug */,
				304F07B11B9BD888009F23E8 /* Release */,
			);
			defaultConfigurationIsVisible = 0;
			defaultConfigurationName = Release;
		};
		304F07B21B9BD888009F23E8 /* Build configuration list for PBXNativeTarget "WakeyInsomnia" */ = {
			isa = XCConfigurationList;
			buildConfigurations = (
				304F07B31B9BD888009F23E8 /* Debug */,
				304F07B41B9BD888009F23E8 /* Release */,
			);
			defaultConfigurationIsVisible = 0;
		};
		304F07B51B9BD888009F23E8 /* Build configuration list for PBXNativeTarget "WakeyInsomniaTests" */ = {
			isa = XCConfigurationList;
			buildConfigurations = (
				304F07B61B9BD888009F23E8 /* Debug */,
				304F07B71B9BD888009F23E8 /* Release */,
			);
			defaultConfigurationIsVisible = 0;
		};
/* End XCConfigurationList section */
	};
	rootObject = 304F078B1B9BD888009F23E8 /* Project object */;
}
